
Microsoft Visual Studio Solution File, Format Version 12.00
# Visual Studio 15
VisualStudioVersion = 15.0.27004.2002
MinimumVisualStudioVersion = 10.0.40219.1
Project("{FAE04EC0-301F-11D3-BF4B-00C04F79EFBC}") = "CICDFun", "CICDFun\CICDFun.csproj", "{2656E4F7-F94A-4540-A2D5-301635314F12}"
EndProject
Project("{E53339B2-1760-4266-BCC7-CA923CBCF16C}") = "docker-compose", "docker-compose.dcproj", "{0903D311-DC8E-4C93-BF69-8F697EA2DA90}"
EndProject
Global
	GlobalSection(SolutionConfigurationPlatforms) = preSolution
		Debug|Any CPU = Debug|Any CPU
		Release|Any CPU = Release|Any CPU
	EndGlobalSection
	GlobalSection(ProjectConfigurationPlatforms) = postSolution
		{2656E4F7-F94A-4540-A2D5-301635314F12}.Debug|Any CPU.ActiveCfg = Debug|Any CPU
		{2656E4F7-F94A-4540-A2D5-301635314F12}.Debug|Any CPU.Build.0 = Debug|Any CPU
		{2656E4F7-F94A-4540-A2D5-301635314F12}.Release|Any CPU.ActiveCfg = Release|Any CPU
		{2656E4F7-F94A-4540-A2D5-301635314F12}.Release|Any CPU.Build.0 = Release|Any CPU
		{0903D311-DC8E-4C93-BF69-8F697EA2DA90}.Debug|Any CPU.ActiveCfg = Debug|Any CPU
		{0903D311-DC8E-4C93-BF69-8F697EA2DA90}.Debug|Any CPU.Build.0 = Debug|Any CPU
		{0903D311-DC8E-4C93-BF69-8F697EA2DA90}.Release|Any CPU.ActiveCfg = Release|Any CPU
		{0903D311-DC8E-4C93-BF69-8F697EA2DA90}.Release|Any CPU.Build.0 = Release|Any CPU
	EndGlobalSection
	GlobalSection(SolutionProperties) = preSolution
		HideSolutionNode = FALSE
	EndGlobalSection
	GlobalSection(ExtensibilityGlobals) = postSolution
		SolutionGuid = {202F9517-7BC4-48DB-8D8F-FE8B6DAAA3EE}
	EndGlobalSection
EndGlobal
